
Microsoft Visual Studio Solution File, Format Version 12.00
# Visual Studio Version 16
VisualStudioVersion = 16.0.28803.452
MinimumVisualStudioVersion = 10.0.40219.1
Project("{9A19103F-16F7-4668-BE54-9A1E7A4F7556}") = "ImageWizard", "ImageWizard\ImageWizard.csproj", "{00DA7717-C5AF-41DF-BA66-0654023E18D8}"
EndProject
Project("{9A19103F-16F7-4668-BE54-9A1E7A4F7556}") = "ImageWizard.AspNetCore", "ImageWizard.AspNetCore\ImageWizard.AspNetCore.csproj", "{76E785D3-E3C4-4AED-AF68-0D32881D6362}"
EndProject
Global
	GlobalSection(SolutionConfigurationPlatforms) = preSolution
		Debug|Any CPU = Debug|Any CPU
		Release|Any CPU = Release|Any CPU
	EndGlobalSection
	GlobalSection(ProjectConfigurationPlatforms) = postSolution
		{00DA7717-C5AF-41DF-BA66-0654023E18D8}.Debug|Any CPU.ActiveCfg = Debug|Any CPU
		{00DA7717-C5AF-41DF-BA66-0654023E18D8}.Debug|Any CPU.Build.0 = Debug|Any CPU
		{00DA7717-C5AF-41DF-BA66-0654023E18D8}.Release|Any CPU.ActiveCfg = Release|Any CPU
		{00DA7717-C5AF-41DF-BA66-0654023E18D8}.Release|Any CPU.Build.0 = Release|Any CPU
		{76E785D3-E3C4-4AED-AF68-0D32881D6362}.Debug|Any CPU.ActiveCfg = Debug|Any CPU
		{76E785D3-E3C4-4AED-AF68-0D32881D6362}.Debug|Any CPU.Build.0 = Debug|Any CPU
		{76E785D3-E3C4-4AED-AF68-0D32881D6362}.Release|Any CPU.ActiveCfg = Release|Any CPU
		{76E785D3-E3C4-4AED-AF68-0D32881D6362}.Release|Any CPU.Build.0 = Release|Any CPU
	EndGlobalSection
	GlobalSection(SolutionProperties) = preSolution
		HideSolutionNode = FALSE
	EndGlobalSection
	GlobalSection(ExtensibilityGlobals) = postSolution
		SolutionGuid = {F4E07FA6-DEC4-4ED4-946E-38BCD59BBF92}
	EndGlobalSection
EndGlobal
