
Microsoft Visual Studio Solution File, Format Version 12.00
# Visual Studio Version 17
VisualStudioVersion = 17.0.32014.148
MinimumVisualStudioVersion = 10.0.40219.1
Project("{9A19103F-16F7-4668-BE54-9A1E7A4F7556}") = "ImageWizard", "ImageWizard\ImageWizard.csproj", "{00DA7717-C5AF-41DF-BA66-0654023E18D8}"
EndProject
Project("{9A19103F-16F7-4668-BE54-9A1E7A4F7556}") = "ImageWizard.Core", "ImageWizard.Core\ImageWizard.Core.csproj", "{998CBDF1-0870-48EA-BE7E-1CE0F29ABC42}"
EndProject
Project("{9A19103F-16F7-4668-BE54-9A1E7A4F7556}") = "ImageWizard.MongoDB", "ImageWizard.MongoDB\ImageWizard.MongoDB.csproj", "{718CC6EF-4F72-4D4C-8372-4F4D26148AA5}"
EndProject
Project("{9A19103F-16F7-4668-BE54-9A1E7A4F7556}") = "ImageWizard.TestApp", "ImageWizard.TestApp\ImageWizard.TestApp.csproj", "{A4BEC44D-7004-4F38-BDB3-E1B277083B7B}"
EndProject
Project("{9A19103F-16F7-4668-BE54-9A1E7A4F7556}") = "ImageWizard.Piranha", "ImageWizard.Piranha\ImageWizard.Piranha.csproj", "{07E5C893-676D-4AB9-8A61-93194F301893}"
EndProject
Project("{9A19103F-16F7-4668-BE54-9A1E7A4F7556}") = "ImageWizard.Analytics", "ImageWizard.Analytics\ImageWizard.Analytics.csproj", "{96867181-D7F1-4BE3-8231-19A9834F8FCB}"
EndProject
Project("{9A19103F-16F7-4668-BE54-9A1E7A4F7556}") = "ImageWizard.Azure", "ImageWizard.Azure\ImageWizard.Azure.csproj", "{6D02F495-1351-4C57-ABF6-AD67FCB2BDB5}"
EndProject
Project("{9A19103F-16F7-4668-BE54-9A1E7A4F7556}") = "ImageWizard.Client", "ImageWizard.Client\ImageWizard.Client.csproj", "{2825AD6F-5361-4D63-A009-393E2A7BB51A}"
EndProject
Project("{9A19103F-16F7-4668-BE54-9A1E7A4F7556}") = "ImageWizard.ImageSharp", "ImageWizard.ImageSharp\ImageWizard.ImageSharp.csproj", "{2EB8D1BF-3F0A-4743-89AE-EC5F563769E9}"
EndProject
Project("{2150E333-8FDC-42A3-9474-1A3956D46DE8}") = "Apps", "Apps", "{9F53E036-6D04-4ADD-A841-1ACBD08F803F}"
EndProject
Project("{2150E333-8FDC-42A3-9474-1A3956D46DE8}") = "Core", "Core", "{B06D4171-190B-408B-A57F-D6A1BB042EBA}"
EndProject
Project("{2150E333-8FDC-42A3-9474-1A3956D46DE8}") = "Plugins", "Plugins", "{49937EE0-864A-4B97-B53D-7803B4890482}"
EndProject
Project("{9A19103F-16F7-4668-BE54-9A1E7A4F7556}") = "ImageWizard.SvgNet", "ImageWizard.SvgNet\ImageWizard.SvgNet.csproj", "{C7E9D266-0FDB-45B8-A0AF-BD25776A1636}"
EndProject
Project("{9A19103F-16F7-4668-BE54-9A1E7A4F7556}") = "ImageWizard.Utils", "ImageWizard.Utils\ImageWizard.Utils.csproj", "{C5440D65-C7B9-4518-8E71-50E5E0E2B09E}"
EndProject
Project("{9A19103F-16F7-4668-BE54-9A1E7A4F7556}") = "ImageWizard.AWS", "ImageWizard.AWS\ImageWizard.AWS.csproj", "{21B670C4-DDF3-4A1B-833A-A67B6ABF7352}"
EndProject
Project("{9A19103F-16F7-4668-BE54-9A1E7A4F7556}") = "ImageWizard.SkiaSharp", "ImageWizard.SkiaSharp\ImageWizard.SkiaSharp.csproj", "{5DEE618B-FDB2-49F2-AC90-A3F27EA8EA95}"
EndProject
Project("{9A19103F-16F7-4668-BE54-9A1E7A4F7556}") = "ImageWizard.FFMpegCore", "ImageWizard.FFMpegCore\ImageWizard.FFMpegCore.csproj", "{BBDEFA71-5570-4A1A-AACF-E01887DA3AF3}"
EndProject
Project("{9A19103F-16F7-4668-BE54-9A1E7A4F7556}") = "ImageWizard.DocNET", "ImageWizard.DocNET\ImageWizard.DocNET.csproj", "{70DCFA79-8F02-41F6-9D15-58B7145EBFC5}"
EndProject
Project("{E53339B2-1760-4266-BCC7-CA923CBCF16C}") = "docker-compose", "docker-compose.dcproj", "{C746B73F-58D2-40D5-A8A6-8AEE9BA4E7D9}"
EndProject
Project("{9A19103F-16F7-4668-BE54-9A1E7A4F7556}") = "ImageWizard.OpenCvSharp", "ImageWizard.OpenCvSharp\ImageWizard.OpenCvSharp.csproj", "{9B852380-14DA-4AB8-BF0F-824BD501A24D}"
EndProject
Project("{9A19103F-16F7-4668-BE54-9A1E7A4F7556}") = "ImageWizard.OpenGraph", "ImageWizard.OpenGraph\ImageWizard.OpenGraph.csproj", "{9F5A2233-A9F3-41EB-BF87-C79A2D9E44C2}"
EndProject
Project("{2150E333-8FDC-42A3-9474-1A3956D46DE8}") = "Solution Items", "Solution Items", "{C9111732-EF68-4333-AC90-34FD1EC10F7E}"
	ProjectSection(SolutionItems) = preProject
		.editorconfig = .editorconfig
	EndProjectSection
	ProjectSection(FolderGlobals) = preProject
		C_5_4github_4_3_4ImageWizard_4src_4_1editorconfig__JsonSchema = editor
	EndProjectSection
EndProject
Project("{9A19103F-16F7-4668-BE54-9A1E7A4F7556}") = "ImageWizard.PuppeteerSharp", "ImageWizard.PuppeteerSharp\ImageWizard.PuppeteerSharp.csproj", "{4B6AE4CB-7372-4A0C-A21F-976A1DF1632A}"
EndProject
Project("{9A19103F-16F7-4668-BE54-9A1E7A4F7556}") = "ImageWizard.Tests", "ImageWizard.Tests\ImageWizard.Tests.csproj", "{DC2430E0-A83E-44E6-845B-7DB6216833A0}"
EndProject
Project("{9A19103F-16F7-4668-BE54-9A1E7A4F7556}") = "ImageWizard.OpenStreetMap", "ImageWizard.OpenStreetMap\ImageWizard.OpenStreetMap.csproj", "{86AF18E4-CFAD-4F58-945C-5C68EDE626BD}"
EndProject
Project("{FAE04EC0-301F-11D3-BF4B-00C04F79EFBC}") = "ImageWizard.Playwright", "ImageWizard.Playwright\ImageWizard.Playwright.csproj", "{C79344DC-4D7E-4AB1-85F7-BB063076B239}"
EndProject
Global
	GlobalSection(SolutionConfigurationPlatforms) = preSolution
		Debug|Any CPU = Debug|Any CPU
		Release|Any CPU = Release|Any CPU
	EndGlobalSection
	GlobalSection(ProjectConfigurationPlatforms) = postSolution
		{00DA7717-C5AF-41DF-BA66-0654023E18D8}.Debug|Any CPU.ActiveCfg = Debug|Any CPU
		{00DA7717-C5AF-41DF-BA66-0654023E18D8}.Debug|Any CPU.Build.0 = Debug|Any CPU
		{00DA7717-C5AF-41DF-BA66-0654023E18D8}.Release|Any CPU.ActiveCfg = Release|Any CPU
		{00DA7717-C5AF-41DF-BA66-0654023E18D8}.Release|Any CPU.Build.0 = Release|Any CPU
		{998CBDF1-0870-48EA-BE7E-1CE0F29ABC42}.Debug|Any CPU.ActiveCfg = Debug|Any CPU
		{998CBDF1-0870-48EA-BE7E-1CE0F29ABC42}.Debug|Any CPU.Build.0 = Debug|Any CPU
		{998CBDF1-0870-48EA-BE7E-1CE0F29ABC42}.Release|Any CPU.ActiveCfg = Release|Any CPU
		{998CBDF1-0870-48EA-BE7E-1CE0F29ABC42}.Release|Any CPU.Build.0 = Release|Any CPU
		{718CC6EF-4F72-4D4C-8372-4F4D26148AA5}.Debug|Any CPU.ActiveCfg = Debug|Any CPU
		{718CC6EF-4F72-4D4C-8372-4F4D26148AA5}.Debug|Any CPU.Build.0 = Debug|Any CPU
		{718CC6EF-4F72-4D4C-8372-4F4D26148AA5}.Release|Any CPU.ActiveCfg = Release|Any CPU
		{718CC6EF-4F72-4D4C-8372-4F4D26148AA5}.Release|Any CPU.Build.0 = Release|Any CPU
		{A4BEC44D-7004-4F38-BDB3-E1B277083B7B}.Debug|Any CPU.ActiveCfg = Debug|Any CPU
		{A4BEC44D-7004-4F38-BDB3-E1B277083B7B}.Debug|Any CPU.Build.0 = Debug|Any CPU
		{A4BEC44D-7004-4F38-BDB3-E1B277083B7B}.Release|Any CPU.ActiveCfg = Release|Any CPU
		{A4BEC44D-7004-4F38-BDB3-E1B277083B7B}.Release|Any CPU.Build.0 = Release|Any CPU
		{07E5C893-676D-4AB9-8A61-93194F301893}.Debug|Any CPU.ActiveCfg = Debug|Any CPU
		{07E5C893-676D-4AB9-8A61-93194F301893}.Debug|Any CPU.Build.0 = Debug|Any CPU
		{07E5C893-676D-4AB9-8A61-93194F301893}.Release|Any CPU.ActiveCfg = Release|Any CPU
		{07E5C893-676D-4AB9-8A61-93194F301893}.Release|Any CPU.Build.0 = Release|Any CPU
		{96867181-D7F1-4BE3-8231-19A9834F8FCB}.Debug|Any CPU.ActiveCfg = Debug|Any CPU
		{96867181-D7F1-4BE3-8231-19A9834F8FCB}.Debug|Any CPU.Build.0 = Debug|Any CPU
		{96867181-D7F1-4BE3-8231-19A9834F8FCB}.Release|Any CPU.ActiveCfg = Release|Any CPU
		{96867181-D7F1-4BE3-8231-19A9834F8FCB}.Release|Any CPU.Build.0 = Release|Any CPU
		{6D02F495-1351-4C57-ABF6-AD67FCB2BDB5}.Debug|Any CPU.ActiveCfg = Debug|Any CPU
		{6D02F495-1351-4C57-ABF6-AD67FCB2BDB5}.Debug|Any CPU.Build.0 = Debug|Any CPU
		{6D02F495-1351-4C57-ABF6-AD67FCB2BDB5}.Release|Any CPU.ActiveCfg = Release|Any CPU
		{6D02F495-1351-4C57-ABF6-AD67FCB2BDB5}.Release|Any CPU.Build.0 = Release|Any CPU
		{2825AD6F-5361-4D63-A009-393E2A7BB51A}.Debug|Any CPU.ActiveCfg = Debug|Any CPU
		{2825AD6F-5361-4D63-A009-393E2A7BB51A}.Debug|Any CPU.Build.0 = Debug|Any CPU
		{2825AD6F-5361-4D63-A009-393E2A7BB51A}.Release|Any CPU.ActiveCfg = Release|Any CPU
		{2825AD6F-5361-4D63-A009-393E2A7BB51A}.Release|Any CPU.Build.0 = Release|Any CPU
		{2EB8D1BF-3F0A-4743-89AE-EC5F563769E9}.Debug|Any CPU.ActiveCfg = Debug|Any CPU
		{2EB8D1BF-3F0A-4743-89AE-EC5F563769E9}.Debug|Any CPU.Build.0 = Debug|Any CPU
		{2EB8D1BF-3F0A-4743-89AE-EC5F563769E9}.Release|Any CPU.ActiveCfg = Release|Any CPU
		{2EB8D1BF-3F0A-4743-89AE-EC5F563769E9}.Release|Any CPU.Build.0 = Release|Any CPU
		{C7E9D266-0FDB-45B8-A0AF-BD25776A1636}.Debug|Any CPU.ActiveCfg = Debug|Any CPU
		{C7E9D266-0FDB-45B8-A0AF-BD25776A1636}.Debug|Any CPU.Build.0 = Debug|Any CPU
		{C7E9D266-0FDB-45B8-A0AF-BD25776A1636}.Release|Any CPU.ActiveCfg = Release|Any CPU
		{C7E9D266-0FDB-45B8-A0AF-BD25776A1636}.Release|Any CPU.Build.0 = Release|Any CPU
		{C5440D65-C7B9-4518-8E71-50E5E0E2B09E}.Debug|Any CPU.ActiveCfg = Debug|Any CPU
		{C5440D65-C7B9-4518-8E71-50E5E0E2B09E}.Debug|Any CPU.Build.0 = Debug|Any CPU
		{C5440D65-C7B9-4518-8E71-50E5E0E2B09E}.Release|Any CPU.ActiveCfg = Release|Any CPU
		{C5440D65-C7B9-4518-8E71-50E5E0E2B09E}.Release|Any CPU.Build.0 = Release|Any CPU
		{21B670C4-DDF3-4A1B-833A-A67B6ABF7352}.Debug|Any CPU.ActiveCfg = Debug|Any CPU
		{21B670C4-DDF3-4A1B-833A-A67B6ABF7352}.Debug|Any CPU.Build.0 = Debug|Any CPU
		{21B670C4-DDF3-4A1B-833A-A67B6ABF7352}.Release|Any CPU.ActiveCfg = Release|Any CPU
		{21B670C4-DDF3-4A1B-833A-A67B6ABF7352}.Release|Any CPU.Build.0 = Release|Any CPU
		{5DEE618B-FDB2-49F2-AC90-A3F27EA8EA95}.Debug|Any CPU.ActiveCfg = Debug|Any CPU
		{5DEE618B-FDB2-49F2-AC90-A3F27EA8EA95}.Debug|Any CPU.Build.0 = Debug|Any CPU
		{5DEE618B-FDB2-49F2-AC90-A3F27EA8EA95}.Release|Any CPU.ActiveCfg = Release|Any CPU
		{5DEE618B-FDB2-49F2-AC90-A3F27EA8EA95}.Release|Any CPU.Build.0 = Release|Any CPU
		{BBDEFA71-5570-4A1A-AACF-E01887DA3AF3}.Debug|Any CPU.ActiveCfg = Debug|Any CPU
		{BBDEFA71-5570-4A1A-AACF-E01887DA3AF3}.Debug|Any CPU.Build.0 = Debug|Any CPU
		{BBDEFA71-5570-4A1A-AACF-E01887DA3AF3}.Release|Any CPU.ActiveCfg = Release|Any CPU
		{BBDEFA71-5570-4A1A-AACF-E01887DA3AF3}.Release|Any CPU.Build.0 = Release|Any CPU
		{70DCFA79-8F02-41F6-9D15-58B7145EBFC5}.Debug|Any CPU.ActiveCfg = Debug|Any CPU
		{70DCFA79-8F02-41F6-9D15-58B7145EBFC5}.Debug|Any CPU.Build.0 = Debug|Any CPU
		{70DCFA79-8F02-41F6-9D15-58B7145EBFC5}.Release|Any CPU.ActiveCfg = Release|Any CPU
		{70DCFA79-8F02-41F6-9D15-58B7145EBFC5}.Release|Any CPU.Build.0 = Release|Any CPU
		{C746B73F-58D2-40D5-A8A6-8AEE9BA4E7D9}.Debug|Any CPU.ActiveCfg = Debug|Any CPU
		{C746B73F-58D2-40D5-A8A6-8AEE9BA4E7D9}.Debug|Any CPU.Build.0 = Debug|Any CPU
		{C746B73F-58D2-40D5-A8A6-8AEE9BA4E7D9}.Release|Any CPU.ActiveCfg = Release|Any CPU
		{C746B73F-58D2-40D5-A8A6-8AEE9BA4E7D9}.Release|Any CPU.Build.0 = Release|Any CPU
		{9B852380-14DA-4AB8-BF0F-824BD501A24D}.Debug|Any CPU.ActiveCfg = Debug|Any CPU
		{9B852380-14DA-4AB8-BF0F-824BD501A24D}.Debug|Any CPU.Build.0 = Debug|Any CPU
		{9B852380-14DA-4AB8-BF0F-824BD501A24D}.Release|Any CPU.ActiveCfg = Release|Any CPU
		{9B852380-14DA-4AB8-BF0F-824BD501A24D}.Release|Any CPU.Build.0 = Release|Any CPU
		{9F5A2233-A9F3-41EB-BF87-C79A2D9E44C2}.Debug|Any CPU.ActiveCfg = Debug|Any CPU
		{9F5A2233-A9F3-41EB-BF87-C79A2D9E44C2}.Debug|Any CPU.Build.0 = Debug|Any CPU
		{9F5A2233-A9F3-41EB-BF87-C79A2D9E44C2}.Release|Any CPU.ActiveCfg = Release|Any CPU
		{9F5A2233-A9F3-41EB-BF87-C79A2D9E44C2}.Release|Any CPU.Build.0 = Release|Any CPU
		{4B6AE4CB-7372-4A0C-A21F-976A1DF1632A}.Debug|Any CPU.ActiveCfg = Debug|Any CPU
		{4B6AE4CB-7372-4A0C-A21F-976A1DF1632A}.Debug|Any CPU.Build.0 = Debug|Any CPU
		{4B6AE4CB-7372-4A0C-A21F-976A1DF1632A}.Release|Any CPU.ActiveCfg = Release|Any CPU
		{4B6AE4CB-7372-4A0C-A21F-976A1DF1632A}.Release|Any CPU.Build.0 = Release|Any CPU
		{DC2430E0-A83E-44E6-845B-7DB6216833A0}.Debug|Any CPU.ActiveCfg = Debug|Any CPU
		{DC2430E0-A83E-44E6-845B-7DB6216833A0}.Debug|Any CPU.Build.0 = Debug|Any CPU
		{DC2430E0-A83E-44E6-845B-7DB6216833A0}.Release|Any CPU.ActiveCfg = Release|Any CPU
		{DC2430E0-A83E-44E6-845B-7DB6216833A0}.Release|Any CPU.Build.0 = Release|Any CPU
		{86AF18E4-CFAD-4F58-945C-5C68EDE626BD}.Debug|Any CPU.ActiveCfg = Debug|Any CPU
		{86AF18E4-CFAD-4F58-945C-5C68EDE626BD}.Debug|Any CPU.Build.0 = Debug|Any CPU
		{86AF18E4-CFAD-4F58-945C-5C68EDE626BD}.Release|Any CPU.ActiveCfg = Release|Any CPU
		{86AF18E4-CFAD-4F58-945C-5C68EDE626BD}.Release|Any CPU.Build.0 = Release|Any CPU
		{C79344DC-4D7E-4AB1-85F7-BB063076B239}.Debug|Any CPU.ActiveCfg = Debug|Any CPU
		{C79344DC-4D7E-4AB1-85F7-BB063076B239}.Debug|Any CPU.Build.0 = Debug|Any CPU
		{C79344DC-4D7E-4AB1-85F7-BB063076B239}.Release|Any CPU.ActiveCfg = Release|Any CPU
		{C79344DC-4D7E-4AB1-85F7-BB063076B239}.Release|Any CPU.Build.0 = Release|Any CPU
	EndGlobalSection
	GlobalSection(SolutionProperties) = preSolution
		HideSolutionNode = FALSE
	EndGlobalSection
	GlobalSection(NestedProjects) = preSolution
		{00DA7717-C5AF-41DF-BA66-0654023E18D8} = {9F53E036-6D04-4ADD-A841-1ACBD08F803F}
		{998CBDF1-0870-48EA-BE7E-1CE0F29ABC42} = {B06D4171-190B-408B-A57F-D6A1BB042EBA}
		{718CC6EF-4F72-4D4C-8372-4F4D26148AA5} = {49937EE0-864A-4B97-B53D-7803B4890482}
		{A4BEC44D-7004-4F38-BDB3-E1B277083B7B} = {9F53E036-6D04-4ADD-A841-1ACBD08F803F}
		{07E5C893-676D-4AB9-8A61-93194F301893} = {49937EE0-864A-4B97-B53D-7803B4890482}
		{96867181-D7F1-4BE3-8231-19A9834F8FCB} = {49937EE0-864A-4B97-B53D-7803B4890482}
		{6D02F495-1351-4C57-ABF6-AD67FCB2BDB5} = {49937EE0-864A-4B97-B53D-7803B4890482}
		{2825AD6F-5361-4D63-A009-393E2A7BB51A} = {B06D4171-190B-408B-A57F-D6A1BB042EBA}
		{2EB8D1BF-3F0A-4743-89AE-EC5F563769E9} = {49937EE0-864A-4B97-B53D-7803B4890482}
		{C7E9D266-0FDB-45B8-A0AF-BD25776A1636} = {49937EE0-864A-4B97-B53D-7803B4890482}
		{C5440D65-C7B9-4518-8E71-50E5E0E2B09E} = {B06D4171-190B-408B-A57F-D6A1BB042EBA}
		{21B670C4-DDF3-4A1B-833A-A67B6ABF7352} = {49937EE0-864A-4B97-B53D-7803B4890482}
		{5DEE618B-FDB2-49F2-AC90-A3F27EA8EA95} = {49937EE0-864A-4B97-B53D-7803B4890482}
		{BBDEFA71-5570-4A1A-AACF-E01887DA3AF3} = {49937EE0-864A-4B97-B53D-7803B4890482}
		{70DCFA79-8F02-41F6-9D15-58B7145EBFC5} = {49937EE0-864A-4B97-B53D-7803B4890482}
		{9B852380-14DA-4AB8-BF0F-824BD501A24D} = {49937EE0-864A-4B97-B53D-7803B4890482}
		{9F5A2233-A9F3-41EB-BF87-C79A2D9E44C2} = {49937EE0-864A-4B97-B53D-7803B4890482}
		{4B6AE4CB-7372-4A0C-A21F-976A1DF1632A} = {49937EE0-864A-4B97-B53D-7803B4890482}
		{DC2430E0-A83E-44E6-845B-7DB6216833A0} = {B06D4171-190B-408B-A57F-D6A1BB042EBA}
		{86AF18E4-CFAD-4F58-945C-5C68EDE626BD} = {49937EE0-864A-4B97-B53D-7803B4890482}
		{C79344DC-4D7E-4AB1-85F7-BB063076B239} = {49937EE0-864A-4B97-B53D-7803B4890482}
	EndGlobalSection
	GlobalSection(ExtensibilityGlobals) = postSolution
		SolutionGuid = {F4E07FA6-DEC4-4ED4-946E-38BCD59BBF92}
	EndGlobalSection
EndGlobal
