
Microsoft Visual Studio Solution File, Format Version 12.00
# Visual Studio Version 16
VisualStudioVersion = 16.0.28803.452
MinimumVisualStudioVersion = 10.0.40219.1
Project("{9A19103F-16F7-4668-BE54-9A1E7A4F7556}") = "ImageWizard", "ImageWizard\ImageWizard.csproj", "{00DA7717-C5AF-41DF-BA66-0654023E18D8}"
EndProject
Project("{9A19103F-16F7-4668-BE54-9A1E7A4F7556}") = "ImageWizard.Client", "ImageWizard.AspNetCore\ImageWizard.Client.csproj", "{76E785D3-E3C4-4AED-AF68-0D32881D6362}"
EndProject
Project("{9A19103F-16F7-4668-BE54-9A1E7A4F7556}") = "ImageWizard.SharedContract", "ImageWizard.SharedContract\ImageWizard.SharedContract.csproj", "{D687EAF3-A2AC-4A64-AD70-14F76491CFFE}"
EndProject
Project("{9A19103F-16F7-4668-BE54-9A1E7A4F7556}") = "ImageWizard.Core", "ImageWizard.Core\ImageWizard.Core.csproj", "{998CBDF1-0870-48EA-BE7E-1CE0F29ABC42}"
EndProject
Project("{9A19103F-16F7-4668-BE54-9A1E7A4F7556}") = "ImageWizard.MongoDB", "ImageWizard.MongoDB\ImageWizard.MongoDB.csproj", "{718CC6EF-4F72-4D4C-8372-4F4D26148AA5}"
EndProject
Project("{9A19103F-16F7-4668-BE54-9A1E7A4F7556}") = "ImageWizard.TestApp", "ImageWizard.TestApp\ImageWizard.TestApp.csproj", "{A4BEC44D-7004-4F38-BDB3-E1B277083B7B}"
EndProject
Project("{9A19103F-16F7-4668-BE54-9A1E7A4F7556}") = "ImageWizard.Piranha", "ImageWizard.Piranha\ImageWizard.Piranha.csproj", "{07E5C893-676D-4AB9-8A61-93194F301893}"
EndProject
Project("{9A19103F-16F7-4668-BE54-9A1E7A4F7556}") = "ImageWizard.Analytics", "ImageWizard.Analytics\ImageWizard.Analytics.csproj", "{96867181-D7F1-4BE3-8231-19A9834F8FCB}"
EndProject
Project("{FAE04EC0-301F-11D3-BF4B-00C04F79EFBC}") = "ImageWizard.Azure", "ImageWizard.Azure\ImageWizard.Azure.csproj", "{6D02F495-1351-4C57-ABF6-AD67FCB2BDB5}"
EndProject
Global
	GlobalSection(SolutionConfigurationPlatforms) = preSolution
		Debug|Any CPU = Debug|Any CPU
		Release|Any CPU = Release|Any CPU
	EndGlobalSection
	GlobalSection(ProjectConfigurationPlatforms) = postSolution
		{00DA7717-C5AF-41DF-BA66-0654023E18D8}.Debug|Any CPU.ActiveCfg = Debug|Any CPU
		{00DA7717-C5AF-41DF-BA66-0654023E18D8}.Debug|Any CPU.Build.0 = Debug|Any CPU
		{00DA7717-C5AF-41DF-BA66-0654023E18D8}.Release|Any CPU.ActiveCfg = Release|Any CPU
		{00DA7717-C5AF-41DF-BA66-0654023E18D8}.Release|Any CPU.Build.0 = Release|Any CPU
		{76E785D3-E3C4-4AED-AF68-0D32881D6362}.Debug|Any CPU.ActiveCfg = Debug|Any CPU
		{76E785D3-E3C4-4AED-AF68-0D32881D6362}.Debug|Any CPU.Build.0 = Debug|Any CPU
		{76E785D3-E3C4-4AED-AF68-0D32881D6362}.Release|Any CPU.ActiveCfg = Release|Any CPU
		{76E785D3-E3C4-4AED-AF68-0D32881D6362}.Release|Any CPU.Build.0 = Release|Any CPU
		{D687EAF3-A2AC-4A64-AD70-14F76491CFFE}.Debug|Any CPU.ActiveCfg = Debug|Any CPU
		{D687EAF3-A2AC-4A64-AD70-14F76491CFFE}.Debug|Any CPU.Build.0 = Debug|Any CPU
		{D687EAF3-A2AC-4A64-AD70-14F76491CFFE}.Release|Any CPU.ActiveCfg = Release|Any CPU
		{D687EAF3-A2AC-4A64-AD70-14F76491CFFE}.Release|Any CPU.Build.0 = Release|Any CPU
		{998CBDF1-0870-48EA-BE7E-1CE0F29ABC42}.Debug|Any CPU.ActiveCfg = Debug|Any CPU
		{998CBDF1-0870-48EA-BE7E-1CE0F29ABC42}.Debug|Any CPU.Build.0 = Debug|Any CPU
		{998CBDF1-0870-48EA-BE7E-1CE0F29ABC42}.Release|Any CPU.ActiveCfg = Release|Any CPU
		{998CBDF1-0870-48EA-BE7E-1CE0F29ABC42}.Release|Any CPU.Build.0 = Release|Any CPU
		{718CC6EF-4F72-4D4C-8372-4F4D26148AA5}.Debug|Any CPU.ActiveCfg = Debug|Any CPU
		{718CC6EF-4F72-4D4C-8372-4F4D26148AA5}.Debug|Any CPU.Build.0 = Debug|Any CPU
		{718CC6EF-4F72-4D4C-8372-4F4D26148AA5}.Release|Any CPU.ActiveCfg = Release|Any CPU
		{718CC6EF-4F72-4D4C-8372-4F4D26148AA5}.Release|Any CPU.Build.0 = Release|Any CPU
		{A4BEC44D-7004-4F38-BDB3-E1B277083B7B}.Debug|Any CPU.ActiveCfg = Debug|Any CPU
		{A4BEC44D-7004-4F38-BDB3-E1B277083B7B}.Debug|Any CPU.Build.0 = Debug|Any CPU
		{A4BEC44D-7004-4F38-BDB3-E1B277083B7B}.Release|Any CPU.ActiveCfg = Release|Any CPU
		{A4BEC44D-7004-4F38-BDB3-E1B277083B7B}.Release|Any CPU.Build.0 = Release|Any CPU
		{07E5C893-676D-4AB9-8A61-93194F301893}.Debug|Any CPU.ActiveCfg = Debug|Any CPU
		{07E5C893-676D-4AB9-8A61-93194F301893}.Debug|Any CPU.Build.0 = Debug|Any CPU
		{07E5C893-676D-4AB9-8A61-93194F301893}.Release|Any CPU.ActiveCfg = Release|Any CPU
		{07E5C893-676D-4AB9-8A61-93194F301893}.Release|Any CPU.Build.0 = Release|Any CPU
		{96867181-D7F1-4BE3-8231-19A9834F8FCB}.Debug|Any CPU.ActiveCfg = Debug|Any CPU
		{96867181-D7F1-4BE3-8231-19A9834F8FCB}.Debug|Any CPU.Build.0 = Debug|Any CPU
		{96867181-D7F1-4BE3-8231-19A9834F8FCB}.Release|Any CPU.ActiveCfg = Release|Any CPU
		{96867181-D7F1-4BE3-8231-19A9834F8FCB}.Release|Any CPU.Build.0 = Release|Any CPU
		{6D02F495-1351-4C57-ABF6-AD67FCB2BDB5}.Debug|Any CPU.ActiveCfg = Debug|Any CPU
		{6D02F495-1351-4C57-ABF6-AD67FCB2BDB5}.Debug|Any CPU.Build.0 = Debug|Any CPU
		{6D02F495-1351-4C57-ABF6-AD67FCB2BDB5}.Release|Any CPU.ActiveCfg = Release|Any CPU
		{6D02F495-1351-4C57-ABF6-AD67FCB2BDB5}.Release|Any CPU.Build.0 = Release|Any CPU
	EndGlobalSection
	GlobalSection(SolutionProperties) = preSolution
		HideSolutionNode = FALSE
	EndGlobalSection
	GlobalSection(ExtensibilityGlobals) = postSolution
		SolutionGuid = {F4E07FA6-DEC4-4ED4-946E-38BCD59BBF92}
	EndGlobalSection
EndGlobal
